<?xml version="1.0" encoding="UTF-8" standalone="yes" ?>
<CodeBlocks_project_file>
	<FileVersion major="1" minor="6" />
	<Project>
		<Option title="WindowClass" />
		<Option pch_mode="2" />
		<Option compiler="gcc" />
		<Build>
			<Target title="Release">
				<Option platforms="Windows;" />
				<Option output="bin\Release\WindowClass" prefix_auto="1" extension_auto="1" />
				<Option working_dir="bin\Release" />
				<Option object_output="obj\Release\" />
				<Option type="0" />
				<Option compiler="gcc" />
				<Compiler>
					<Add option="-O2" />
				</Compiler>
				<Linker>
					<Add option="-s" />
				</Linker>
			</Target>
		</Build>
		<Compiler>
			<Add option="-std=c++0x" />
			<Add option="-Wall" />
		</Compiler>
		<Linker>
			<Add library="gdi32" />
			<Add library="..\..\..\Desktop\projects\WindowClass\Kernel32.Lib" />
		</Linker>
		<Unit filename="src\ApplicationWindow.cpp">
			<Option compile="0" />
			<Option link="0" />
		</Unit>
		<Unit filename="src\ApplicationWindow.h" />
		<Unit filename="src\Button.h" />
		<Unit filename="src\Edit.h" />
		<Unit filename="src\InterfaceBuilder.h" />
		<Unit filename="src\LibImport.h" />
		<Unit filename="src\Make.h" />
		<Unit filename="src\MemLib.h" />
		<Unit filename="src\Page1.cpp">
			<Option compile="0" />
			<Option link="0" />
		</Unit>
		<Unit filename="src\Page1.h" />
		<Unit filename="src\PageManager.cpp">
			<Option compile="0" />
			<Option link="0" />
		</Unit>
		<Unit filename="src\PageManager.h" />
		<Unit filename="src\ParseFile.cpp">
			<Option compile="0" />
			<Option link="0" />
		</Unit>
		<Unit filename="src\RadioButtonSystem.cpp">
			<Option compile="0" />
			<Option link="0" />
		</Unit>
		<Unit filename="src\RadioButtonSystem.h" />
		<Unit filename="src\Win32.cpp">
			<Option compile="0" />
			<Option link="0" />
		</Unit>
		<Unit filename="src\WindowObject.h" />
		<Unit filename="src\main.cpp" />
		<Extensions>
			<code_completion />
			<debugger />
			<DoxyBlocks>
				<comment_style block="1" line="1" />
				<doxyfile_project output_language="Russian" />
				<doxyfile_build />
				<doxyfile_warnings warn_if_undocumented="1" />
				<doxyfile_output html_help="1" />
				<doxyfile_dot class_diagrams="1" have_dot="1" />
				<general use_at_in_tags="1" />
			</DoxyBlocks>
			<envvars />
		</Extensions>
	</Project>
</CodeBlocks_project_file>
